
Microsoft Visual Studio Solution File, Format Version 12.00
# Visual Studio Version 17
VisualStudioVersion = 17.10.35013.160
MinimumVisualStudioVersion = 10.0.40219.1
Project("{FAE04EC0-301F-11D3-BF4B-00C04F79EFBC}") = "RemoteControlCar", "RemoteControlCar\RemoteControlCar.csproj", "{280CA397-061A-4D10-BE15-DF3958320023}"
EndProject
Global
	GlobalSection(SolutionConfigurationPlatforms) = preSolution
		Debug|Any CPU = Debug|Any CPU
		Release|Any CPU = Release|Any CPU
	EndGlobalSection
	GlobalSection(ProjectConfigurationPlatforms) = postSolution
		{280CA397-061A-4D10-BE15-DF3958320023}.Debug|Any CPU.ActiveCfg = Debug|Any CPU
		{280CA397-061A-4D10-BE15-DF3958320023}.Debug|Any CPU.Build.0 = Debug|Any CPU
		{280CA397-061A-4D10-BE15-DF3958320023}.Release|Any CPU.ActiveCfg = Release|Any CPU
		{280CA397-061A-4D10-BE15-DF3958320023}.Release|Any CPU.Build.0 = Release|Any CPU
	EndGlobalSection
	GlobalSection(SolutionProperties) = preSolution
		HideSolutionNode = FALSE
	EndGlobalSection
	GlobalSection(ExtensibilityGlobals) = postSolution
		SolutionGuid = {281FACA2-9699-4094-8A2C-D922D48874FD}
	EndGlobalSection
EndGlobal
